
Microsoft Visual Studio Solution File, Format Version 12.00
# Visual Studio Version 17
VisualStudioVersion = 17.8.34330.188
MinimumVisualStudioVersion = 10.0.40219.1
Project("{9A19103F-16F7-4668-BE54-9A1E7A4F7556}") = "AplicacionConsola", "AplicacionConsola.csproj", "{B240A5E6-5EC6-4934-9180-03C0DEE6F4DC}"
EndProject
Global
	GlobalSection(SolutionConfigurationPlatforms) = preSolution
		Debug|Any CPU = Debug|Any CPU
		Release|Any CPU = Release|Any CPU
	EndGlobalSection
	GlobalSection(ProjectConfigurationPlatforms) = postSolution
		{B240A5E6-5EC6-4934-9180-03C0DEE6F4DC}.Debug|Any CPU.ActiveCfg = Debug|Any CPU
		{B240A5E6-5EC6-4934-9180-03C0DEE6F4DC}.Debug|Any CPU.Build.0 = Debug|Any CPU
		{B240A5E6-5EC6-4934-9180-03C0DEE6F4DC}.Release|Any CPU.ActiveCfg = Release|Any CPU
		{B240A5E6-5EC6-4934-9180-03C0DEE6F4DC}.Release|Any CPU.Build.0 = Release|Any CPU
	EndGlobalSection
	GlobalSection(SolutionProperties) = preSolution
		HideSolutionNode = FALSE
	EndGlobalSection
	GlobalSection(ExtensibilityGlobals) = postSolution
		SolutionGuid = {8E8BDCC6-1885-402F-ADD7-6C405F432539}
	EndGlobalSection
EndGlobal
